// !$*UTF8*$!
{
	archiveVersion = 1;
	classes = {
	};
	objectVersion = 55;
	objects = {

/* Begin PBXBuildFile section */
		113E21E327C4171A00AE4169 /* AppDelegate.swift in Sources */ = {isa = PBXBuildFile; fileRef = 113E21E227C4171A00AE4169 /* AppDelegate.swift */; };
		113E21E527C4171A00AE4169 /* SceneDelegate.swift in Sources */ = {isa = PBXBuildFile; fileRef = 113E21E427C4171A00AE4169 /* SceneDelegate.swift */; };
		113E21E727C4171A00AE4169 /* mainVC.swift in Sources */ = {isa = PBXBuildFile; fileRef = 113E21E627C4171A00AE4169 /* mainVC.swift */; };
		113E21EA27C4171A00AE4169 /* Main.storyboard in Resources */ = {isa = PBXBuildFile; fileRef = 113E21E827C4171A00AE4169 /* Main.storyboard */; };
		113E21EC27C4171E00AE4169 /* Assets.xcassets in Resources */ = {isa = PBXBuildFile; fileRef = 113E21EB27C4171E00AE4169 /* Assets.xcassets */; };
		113E21EF27C4171E00AE4169 /* LaunchScreen.storyboard in Resources */ = {isa = PBXBuildFile; fileRef = 113E21ED27C4171E00AE4169 /* LaunchScreen.storyboard */; };
		113E21FA27C4178300AE4169 /* GalleryCollectionView.swift in Sources */ = {isa = PBXBuildFile; fileRef = 113E21F927C4178300AE4169 /* GalleryCollectionView.swift */; };
		113E21FC27C417B300AE4169 /* ImageCollectionViewCell.swift in Sources */ = {isa = PBXBuildFile; fileRef = 113E21FB27C417B300AE4169 /* ImageCollectionViewCell.swift */; };
		113E21FE27C417D200AE4169 /* Profile.swift in Sources */ = {isa = PBXBuildFile; fileRef = 113E21FD27C417D200AE4169 /* Profile.swift */; };
		113E220027C417E500AE4169 /* ProfileArray.swift in Sources */ = {isa = PBXBuildFile; fileRef = 113E21FF27C417E500AE4169 /* ProfileArray.swift */; };
		11D6B17F27C4CAAF0044C1FD /* GalleryCollectionFlowLayout.swift in Sources */ = {isa = PBXBuildFile; fileRef = 11D6B17E27C4CAAF0044C1FD /* GalleryCollectionFlowLayout.swift */; };
		11D6B18427C6487B0044C1FD /* Constants.swift in Sources */ = {isa = PBXBuildFile; fileRef = 11D6B18327C6487B0044C1FD /* Constants.swift */; };
/* End PBXBuildFile section */

/* Begin PBXFileReference section */
		113E21DF27C4171A00AE4169 /* GalleryApp(BGSoft).app */ = {isa = PBXFileReference; explicitFileType = wrapper.application; includeInIndex = 0; path = "GalleryApp(BGSoft).app"; sourceTree = BUILT_PRODUCTS_DIR; };
		113E21E227C4171A00AE4169 /* AppDelegate.swift */ = {isa = PBXFileReference; lastKnownFileType = sourcecode.swift; path = AppDelegate.swift; sourceTree = "<group>"; };
		113E21E427C4171A00AE4169 /* SceneDelegate.swift */ = {isa = PBXFileReference; lastKnownFileType = sourcecode.swift; path = SceneDelegate.swift; sourceTree = "<group>"; };
		113E21E627C4171A00AE4169 /* mainVC.swift */ = {isa = PBXFileReference; lastKnownFileType = sourcecode.swift; path = mainVC.swift; sourceTree = "<group>"; };
		113E21E927C4171A00AE4169 /* Base */ = {isa = PBXFileReference; lastKnownFileType = file.storyboard; name = Base; path = Base.lproj/Main.storyboard; sourceTree = "<group>"; };
		113E21EB27C4171E00AE4169 /* Assets.xcassets */ = {isa = PBXFileReference; lastKnownFileType = folder.assetcatalog; path = Assets.xcassets; sourceTree = "<group>"; };
		113E21EE27C4171E00AE4169 /* Base */ = {isa = PBXFileReference; lastKnownFileType = file.storyboard; name = Base; path = Base.lproj/LaunchScreen.storyboard; sourceTree = "<group>"; };
		113E21F027C4171E00AE4169 /* Info.plist */ = {isa = PBXFileReference; lastKnownFileType = text.plist.xml; path = Info.plist; sourceTree = "<group>"; };
		113E21F927C4178300AE4169 /* GalleryCollectionView.swift */ = {isa = PBXFileReference; lastKnownFileType = sourcecode.swift; path = GalleryCollectionView.swift; sourceTree = "<group>"; };
		113E21FB27C417B300AE4169 /* ImageCollectionViewCell.swift */ = {isa = PBXFileReference; lastKnownFileType = sourcecode.swift; path = ImageCollectionViewCell.swift; sourceTree = "<group>"; };
		113E21FD27C417D200AE4169 /* Profile.swift */ = {isa = PBXFileReference; lastKnownFileType = sourcecode.swift; path = Profile.swift; sourceTree = "<group>"; };
		113E21FF27C417E500AE4169 /* ProfileArray.swift */ = {isa = PBXFileReference; lastKnownFileType = sourcecode.swift; path = ProfileArray.swift; sourceTree = "<group>"; };
		11D6B17E27C4CAAF0044C1FD /* GalleryCollectionFlowLayout.swift */ = {isa = PBXFileReference; lastKnownFileType = sourcecode.swift; path = GalleryCollectionFlowLayout.swift; sourceTree = "<group>"; };
		11D6B18327C6487B0044C1FD /* Constants.swift */ = {isa = PBXFileReference; lastKnownFileType = sourcecode.swift; path = Constants.swift; sourceTree = "<group>"; };
/* End PBXFileReference section */

/* Begin PBXFrameworksBuildPhase section */
		113E21DC27C4171A00AE4169 /* Frameworks */ = {
			isa = PBXFrameworksBuildPhase;
			buildActionMask = 2147483647;
			files = (
			);
			runOnlyForDeploymentPostprocessing = 0;
		};
/* End PBXFrameworksBuildPhase section */

/* Begin PBXGroup section */
		113E21D627C4171A00AE4169 = {
			isa = PBXGroup;
			children = (
				113E21E127C4171A00AE4169 /* GalleryApp(BGSoft) */,
				113E21E027C4171A00AE4169 /* Products */,
			);
			sourceTree = "<group>";
		};
		113E21E027C4171A00AE4169 /* Products */ = {
			isa = PBXGroup;
			children = (
				113E21DF27C4171A00AE4169 /* GalleryApp(BGSoft).app */,
			);
			name = Products;
			sourceTree = "<group>";
		};
		113E21E127C4171A00AE4169 /* GalleryApp(BGSoft) */ = {
			isa = PBXGroup;
			children = (
				11D6B18227C648610044C1FD /* Extensions */,
				113E21F827C4174A00AE4169 /* Controller */,
				113E21F727C4174400AE4169 /* View */,
				113E21F627C4173A00AE4169 /* Model */,
				113E21E227C4171A00AE4169 /* AppDelegate.swift */,
				113E21E427C4171A00AE4169 /* SceneDelegate.swift */,
				113E21E827C4171A00AE4169 /* Main.storyboard */,
				113E21EB27C4171E00AE4169 /* Assets.xcassets */,
				113E21ED27C4171E00AE4169 /* LaunchScreen.storyboard */,
				113E21F027C4171E00AE4169 /* Info.plist */,
			);
			path = "GalleryApp(BGSoft)";
			sourceTree = "<group>";
		};
		113E21F627C4173A00AE4169 /* Model */ = {
			isa = PBXGroup;
			children = (
				113E21FD27C417D200AE4169 /* Profile.swift */,
				113E21FF27C417E500AE4169 /* ProfileArray.swift */,
			);
			path = Model;
			sourceTree = "<group>";
		};
		113E21F727C4174400AE4169 /* View */ = {
			isa = PBXGroup;
			children = (
				113E21F927C4178300AE4169 /* GalleryCollectionView.swift */,
				113E21FB27C417B300AE4169 /* ImageCollectionViewCell.swift */,
				11D6B17E27C4CAAF0044C1FD /* GalleryCollectionFlowLayout.swift */,
			);
			path = View;
			sourceTree = "<group>";
		};
		113E21F827C4174A00AE4169 /* Controller */ = {
			isa = PBXGroup;
			children = (
				113E21E627C4171A00AE4169 /* mainVC.swift */,
			);
			path = Controller;
			sourceTree = "<group>";
		};
		11D6B18227C648610044C1FD /* Extensions */ = {
			isa = PBXGroup;
			children = (
				11D6B18327C6487B0044C1FD /* Constants.swift */,
			);
			path = Extensions;
			sourceTree = "<group>";
		};
/* End PBXGroup section */

/* Begin PBXNativeTarget section */
		113E21DE27C4171A00AE4169 /* GalleryApp(BGSoft) */ = {
			isa = PBXNativeTarget;
			buildConfigurationList = 113E21F327C4171E00AE4169 /* Build configuration list for PBXNativeTarget "GalleryApp(BGSoft)" */;
			buildPhases = (
				113E21DB27C4171A00AE4169 /* Sources */,
				113E21DC27C4171A00AE4169 /* Frameworks */,
				113E21DD27C4171A00AE4169 /* Resources */,
			);
			buildRules = (
			);
			dependencies = (
			);
			name = "GalleryApp(BGSoft)";
			productName = "GalleryApp(BGSoft)";
			productReference = 113E21DF27C4171A00AE4169 /* GalleryApp(BGSoft).app */;
			productType = "com.apple.product-type.application";
		};
/* End PBXNativeTarget section */

/* Begin PBXProject section */
		113E21D727C4171A00AE4169 /* Project object */ = {
			isa = PBXProject;
			attributes = {
				BuildIndependentTargetsInParallel = 1;
				LastSwiftUpdateCheck = 1320;
				LastUpgradeCheck = 1320;
				TargetAttributes = {
					113E21DE27C4171A00AE4169 = {
						CreatedOnToolsVersion = 13.2.1;
					};
				};
			};
			buildConfigurationList = 113E21DA27C4171A00AE4169 /* Build configuration list for PBXProject "GalleryApp(BGSoft)" */;
			compatibilityVersion = "Xcode 13.0";
			developmentRegion = en;
			hasScannedForEncodings = 0;
			knownRegions = (
				en,
				Base,
			);
			mainGroup = 113E21D627C4171A00AE4169;
			productRefGroup = 113E21E027C4171A00AE4169 /* Products */;
			projectDirPath = "";
			projectRoot = "";
			targets = (
				113E21DE27C4171A00AE4169 /* GalleryApp(BGSoft) */,
			);
		};
/* End PBXProject section */

/* Begin PBXResourcesBuildPhase section */
		113E21DD27C4171A00AE4169 /* Resources */ = {
			isa = PBXResourcesBuildPhase;
			buildActionMask = 2147483647;
			files = (
				113E21EF27C4171E00AE4169 /* LaunchScreen.storyboard in Resources */,
				113E21EC27C4171E00AE4169 /* Assets.xcassets in Resources */,
				113E21EA27C4171A00AE4169 /* Main.storyboard in Resources */,
			);
			runOnlyForDeploymentPostprocessing = 0;
		};
/* End PBXResourcesBuildPhase section */

/* Begin PBXSourcesBuildPhase section */
		113E21DB27C4171A00AE4169 /* Sources */ = {
			isa = PBXSourcesBuildPhase;
			buildActionMask = 2147483647;
			files = (
				113E21E727C4171A00AE4169 /* mainVC.swift in Sources */,
				11D6B18427C6487B0044C1FD /* Constants.swift in Sources */,
				113E21FE27C417D200AE4169 /* Profile.swift in Sources */,
				11D6B17F27C4CAAF0044C1FD /* GalleryCollectionFlowLayout.swift in Sources */,
				113E220027C417E500AE4169 /* ProfileArray.swift in Sources */,
				113E21FC27C417B300AE4169 /* ImageCollectionViewCell.swift in Sources */,
				113E21FA27C4178300AE4169 /* GalleryCollectionView.swift in Sources */,
				113E21E327C4171A00AE4169 /* AppDelegate.swift in Sources */,
				113E21E527C4171A00AE4169 /* SceneDelegate.swift in Sources */,
			);
			runOnlyForDeploymentPostprocessing = 0;
		};
/* End PBXSourcesBuildPhase section */

/* Begin PBXVariantGroup section */
		113E21E827C4171A00AE4169 /* Main.storyboard */ = {
			isa = PBXVariantGroup;
			children = (
				113E21E927C4171A00AE4169 /* Base */,
			);
			name = Main.storyboard;
			sourceTree = "<group>";
		};
		113E21ED27C4171E00AE4169 /* LaunchScreen.storyboard */ = {
			isa = PBXVariantGroup;
			children = (
				113E21EE27C4171E00AE4169 /* Base */,
			);
			name = LaunchScreen.storyboard;
			sourceTree = "<group>";
		};
/* End PBXVariantGroup section */

/* Begin XCBuildConfiguration section */
		113E21F127C4171E00AE4169 /* Debug */ = {
			isa = XCBuildConfiguration;
			buildSettings = {
				ALWAYS_SEARCH_USER_PATHS = NO;
				CLANG_ANALYZER_NONNULL = YES;
				CLANG_ANALYZER_NUMBER_OBJECT_CONVERSION = YES_AGGRESSIVE;
				CLANG_CXX_LANGUAGE_STANDARD = "gnu++17";
				CLANG_CXX_LIBRARY = "libc++";
				CLANG_ENABLE_MODULES = YES;
				CLANG_ENABLE_OBJC_ARC = YES;
				CLANG_ENABLE_OBJC_WEAK = YES;
				CLANG_WARN_BLOCK_CAPTURE_AUTORELEASING = YES;
				CLANG_WARN_BOOL_CONVERSION = YES;
				CLANG_WARN_COMMA = YES;
				CLANG_WARN_CONSTANT_CONVERSION = YES;
				CLANG_WARN_DEPRECATED_OBJC_IMPLEMENTATIONS = YES;
				CLANG_WARN_DIRECT_OBJC_ISA_USAGE = YES_ERROR;
				CLANG_WARN_DOCUMENTATION_COMMENTS = YES;
				CLANG_WARN_EMPTY_BODY = YES;
				CLANG_WARN_ENUM_CONVERSION = YES;
				CLANG_WARN_INFINITE_RECURSION = YES;
				CLANG_WARN_INT_CONVERSION = YES;
				CLANG_WARN_NON_LITERAL_NULL_CONVERSION = YES;
				CLANG_WARN_OBJC_IMPLICIT_RETAIN_SELF = YES;
				CLANG_WARN_OBJC_LITERAL_CONVERSION = YES;
				CLANG_WARN_OBJC_ROOT_CLASS = YES_ERROR;
				CLANG_WARN_QUOTED_INCLUDE_IN_FRAMEWORK_HEADER = YES;
				CLANG_WARN_RANGE_LOOP_ANALYSIS = YES;
				CLANG_WARN_STRICT_PROTOTYPES = YES;
				CLANG_WARN_SUSPICIOUS_MOVE = YES;
				CLANG_WARN_UNGUARDED_AVAILABILITY = YES_AGGRESSIVE;
				CLANG_WARN_UNREACHABLE_CODE = YES;
				CLANG_WARN__DUPLICATE_METHOD_MATCH = YES;
				COPY_PHASE_STRIP = NO;
				DEBUG_INFORMATION_FORMAT = dwarf;
				ENABLE_STRICT_OBJC_MSGSEND = YES;
				ENABLE_TESTABILITY = YES;
				GCC_C_LANGUAGE_STANDARD = gnu11;
				GCC_DYNAMIC_NO_PIC = NO;
				GCC_NO_COMMON_BLOCKS = YES;
				GCC_OPTIMIZATION_LEVEL = 0;
				GCC_PREPROCESSOR_DEFINITIONS = (
					"DEBUG=1",
					"$(inherited)",
				);
				GCC_WARN_64_TO_32_BIT_CONVERSION = YES;
				GCC_WARN_ABOUT_RETURN_TYPE = YES_ERROR;
				GCC_WARN_UNDECLARED_SELECTOR = YES;
				GCC_WARN_UNINITIALIZED_AUTOS = YES_AGGRESSIVE;
				GCC_WARN_UNUSED_FUNCTION = YES;
				GCC_WARN_UNUSED_VARIABLE = YES;
				IPHONEOS_DEPLOYMENT_TARGET = 13.6;
				MTL_ENABLE_DEBUG_INFO = INCLUDE_SOURCE;
				MTL_FAST_MATH = YES;
				ONLY_ACTIVE_ARCH = YES;
				SDKROOT = iphoneos;
				SWIFT_ACTIVE_COMPILATION_CONDITIONS = DEBUG;
				SWIFT_OPTIMIZATION_LEVEL = "-Onone";
			};
			name = Debug;
		};
		113E21F227C4171E00AE4169 /* Release */ = {
			isa = XCBuildConfiguration;
			buildSettings = {
				ALWAYS_SEARCH_USER_PATHS = NO;
				CLANG_ANALYZER_NONNULL = YES;
				CLANG_ANALYZER_NUMBER_OBJECT_CONVERSION = YES_AGGRESSIVE;
				CLANG_CXX_LANGUAGE_STANDARD = "gnu++17";
				CLANG_CXX_LIBRARY = "libc++";
				CLANG_ENABLE_MODULES = YES;
				CLANG_ENABLE_OBJC_ARC = YES;
				CLANG_ENABLE_OBJC_WEAK = YES;
				CLANG_WARN_BLOCK_CAPTURE_AUTORELEASING = YES;
				CLANG_WARN_BOOL_CONVERSION = YES;
				CLANG_WARN_COMMA = YES;
				CLANG_WARN_CONSTANT_CONVERSION = YES;
				CLANG_WARN_DEPRECATED_OBJC_IMPLEMENTATIONS = YES;
				CLANG_WARN_DIRECT_OBJC_ISA_USAGE = YES_ERROR;
				CLANG_WARN_DOCUMENTATION_COMMENTS = YES;
				CLANG_WARN_EMPTY_BODY = YES;
				CLANG_WARN_ENUM_CONVERSION = YES;
				CLANG_WARN_INFINITE_RECURSION = YES;
				CLANG_WARN_INT_CONVERSION = YES;
				CLANG_WARN_NON_LITERAL_NULL_CONVERSION = YES;
				CLANG_WARN_OBJC_IMPLICIT_RETAIN_SELF = YES;
				CLANG_WARN_OBJC_LITERAL_CONVERSION = YES;
				CLANG_WARN_OBJC_ROOT_CLASS = YES_ERROR;
				CLANG_WARN_QUOTED_INCLUDE_IN_FRAMEWORK_HEADER = YES;
				CLANG_WARN_RANGE_LOOP_ANALYSIS = YES;
				CLANG_WARN_STRICT_PROTOTYPES = YES;
				CLANG_WARN_SUSPICIOUS_MOVE = YES;
				CLANG_WARN_UNGUARDED_AVAILABILITY = YES_AGGRESSIVE;
				CLANG_WARN_UNREACHABLE_CODE = YES;
				CLANG_WARN__DUPLICATE_METHOD_MATCH = YES;
				COPY_PHASE_STRIP = NO;
				DEBUG_INFORMATION_FORMAT = "dwarf-with-dsym";
				ENABLE_NS_ASSERTIONS = NO;
				ENABLE_STRICT_OBJC_MSGSEND = YES;
				GCC_C_LANGUAGE_STANDARD = gnu11;
				GCC_NO_COMMON_BLOCKS = YES;
				GCC_WARN_64_TO_32_BIT_CONVERSION = YES;
				GCC_WARN_ABOUT_RETURN_TYPE = YES_ERROR;
				GCC_WARN_UNDECLARED_SELECTOR = YES;
				GCC_WARN_UNINITIALIZED_AUTOS = YES_AGGRESSIVE;
				GCC_WARN_UNUSED_FUNCTION = YES;
				GCC_WARN_UNUSED_VARIABLE = YES;
				IPHONEOS_DEPLOYMENT_TARGET = 13.6;
				MTL_ENABLE_DEBUG_INFO = NO;
				MTL_FAST_MATH = YES;
				SDKROOT = iphoneos;
				SWIFT_COMPILATION_MODE = wholemodule;
				SWIFT_OPTIMIZATION_LEVEL = "-O";
				VALIDATE_PRODUCT = YES;
			};
			name = Release;
		};
		113E21F427C4171E00AE4169 /* Debug */ = {
			isa = XCBuildConfiguration;
			buildSettings = {
				ASSETCATALOG_COMPILER_APPICON_NAME = AppIcon;
				ASSETCATALOG_COMPILER_GLOBAL_ACCENT_COLOR_NAME = AccentColor;
				CODE_SIGN_STYLE = Automatic;
				CURRENT_PROJECT_VERSION = 1;
				DEVELOPMENT_TEAM = HWG25L3MNF;
				GENERATE_INFOPLIST_FILE = YES;
				INFOPLIST_FILE = "GalleryApp(BGSoft)/Info.plist";
				INFOPLIST_KEY_UIApplicationSupportsIndirectInputEvents = YES;
				INFOPLIST_KEY_UILaunchStoryboardName = LaunchScreen;
				INFOPLIST_KEY_UIMainStoryboardFile = Main;
				INFOPLIST_KEY_UISupportedInterfaceOrientations = UIInterfaceOrientationPortrait;
				INFOPLIST_KEY_UISupportedInterfaceOrientations_iPad = "UIInterfaceOrientationPortrait UIInterfaceOrientationPortraitUpsideDown UIInterfaceOrientationLandscapeLeft UIInterfaceOrientationLandscapeRight";
				INFOPLIST_KEY_UISupportedInterfaceOrientations_iPhone = "UIInterfaceOrientationPortrait UIInterfaceOrientationLandscapeLeft UIInterfaceOrientationLandscapeRight";
				IPHONEOS_DEPLOYMENT_TARGET = 15.2;
				LD_RUNPATH_SEARCH_PATHS = (
					"$(inherited)",
					"@executable_path/Frameworks",
				);
				MARKETING_VERSION = 1.0;
				PRODUCT_BUNDLE_IDENTIFIER = "com.GalleryApp-BGSoft-";
				PRODUCT_NAME = "$(TARGET_NAME)";
				SWIFT_EMIT_LOC_STRINGS = YES;
				SWIFT_VERSION = 5.0;
				TARGETED_DEVICE_FAMILY = "1,2";
			};
			name = Debug;
		};
		113E21F527C4171E00AE4169 /* Release */ = {
			isa = XCBuildConfiguration;
			buildSettings = {
				ASSETCATALOG_COMPILER_APPICON_NAME = AppIcon;
				ASSETCATALOG_COMPILER_GLOBAL_ACCENT_COLOR_NAME = AccentColor;
				CODE_SIGN_STYLE = Automatic;
				CURRENT_PROJECT_VERSION = 1;
				DEVELOPMENT_TEAM = HWG25L3MNF;
				GENERATE_INFOPLIST_FILE = YES;
				INFOPLIST_FILE = "GalleryApp(BGSoft)/Info.plist";
				INFOPLIST_KEY_UIApplicationSupportsIndirectInputEvents = YES;
				INFOPLIST_KEY_UILaunchStoryboardName = LaunchScreen;
				INFOPLIST_KEY_UIMainStoryboardFile = Main;
				INFOPLIST_KEY_UISupportedInterfaceOrientations = UIInterfaceOrientationPortrait;
				INFOPLIST_KEY_UISupportedInterfaceOrientations_iPad = "UIInterfaceOrientationPortrait UIInterfaceOrientationPortraitUpsideDown UIInterfaceOrientationLandscapeLeft UIInterfaceOrientationLandscapeRight";
				INFOPLIST_KEY_UISupportedInterfaceOrientations_iPhone = "UIInterfaceOrientationPortrait UIInterfaceOrientationLandscapeLeft UIInterfaceOrientationLandscapeRight";
				IPHONEOS_DEPLOYMENT_TARGET = 15.2;
				LD_RUNPATH_SEARCH_PATHS = (
					"$(inherited)",
					"@executable_path/Frameworks",
				);
				MARKETING_VERSION = 1.0;
				PRODUCT_BUNDLE_IDENTIFIER = "com.GalleryApp-BGSoft-";
				PRODUCT_NAME = "$(TARGET_NAME)";
				SWIFT_EMIT_LOC_STRINGS = YES;
				SWIFT_VERSION = 5.0;
				TARGETED_DEVICE_FAMILY = "1,2";
			};
			name = Release;
		};
/* End XCBuildConfiguration section */

/* Begin XCConfigurationList section */
		113E21DA27C4171A00AE4169 /* Build configuration list for PBXProject "GalleryApp(BGSoft)" */ = {
			isa = XCConfigurationList;
			buildConfigurations = (
				113E21F127C4171E00AE4169 /* Debug */,
				113E21F227C4171E00AE4169 /* Release */,
			);
			defaultConfigurationIsVisible = 0;
			defaultConfigurationName = Release;
		};
		113E21F327C4171E00AE4169 /* Build configuration list for PBXNativeTarget "GalleryApp(BGSoft)" */ = {
			isa = XCConfigurationList;
			buildConfigurations = (
				113E21F427C4171E00AE4169 /* Debug */,
				113E21F527C4171E00AE4169 /* Release */,
			);
			defaultConfigurationIsVisible = 0;
			defaultConfigurationName = Release;
		};
/* End XCConfigurationList section */
	};
	rootObject = 113E21D727C4171A00AE4169 /* Project object */;
}
